# This file was autogenerated by Stack.
# You should not edit this file by hand.
# For more information, please see the documentation at:
#   https://docs.haskellstack.org/en/stable/lock_files

packages: []
snapshots:
- completed:
    size: 426679
    url: https://raw.githubusercontent.com/commercialhaskell/stackage-snapshots/master/nightly/2019/11/24.yaml
    sha256: 249cba060354fd4e8ed95894f33f922c28f3276e2de629250c9d16aa1cf586e1
  original: nightly-2019-11-24
